// !$*UTF8*$!
{
	archiveVersion = 1;
	classes = {
	};
	objectVersion = 50;
	objects = {

/* Begin PBXBuildFile section */
		296B35FF24B1A87000C0B37D /* AppDelegate.swift in Sources */ = {isa = PBXBuildFile; fileRef = 296B35FE24B1A87000C0B37D /* AppDelegate.swift */; };
		296B360124B1A87000C0B37D /* SceneDelegate.swift in Sources */ = {isa = PBXBuildFile; fileRef = 296B360024B1A87000C0B37D /* SceneDelegate.swift */; };
		296B360324B1A87000C0B37D /* ContentView.swift in Sources */ = {isa = PBXBuildFile; fileRef = 296B360224B1A87000C0B37D /* ContentView.swift */; };
		296B360524B1A87100C0B37D /* Assets.xcassets in Resources */ = {isa = PBXBuildFile; fileRef = 296B360424B1A87100C0B37D /* Assets.xcassets */; };
		296B360824B1A87100C0B37D /* Preview Assets.xcassets in Resources */ = {isa = PBXBuildFile; fileRef = 296B360724B1A87100C0B37D /* Preview Assets.xcassets */; };
		296B360B24B1A87100C0B37D /* LaunchScreen.storyboard in Resources */ = {isa = PBXBuildFile; fileRef = 296B360924B1A87100C0B37D /* LaunchScreen.storyboard */; };
/* End PBXBuildFile section */

/* Begin PBXFileReference section */
		296B35FB24B1A87000C0B37D /* WesplitApp.app */ = {isa = PBXFileReference; explicitFileType = wrapper.application; includeInIndex = 0; path = WesplitApp.app; sourceTree = BUILT_PRODUCTS_DIR; };
		296B35FE24B1A87000C0B37D /* AppDelegate.swift */ = {isa = PBXFileReference; lastKnownFileType = sourcecode.swift; path = AppDelegate.swift; sourceTree = "<group>"; };
		296B360024B1A87000C0B37D /* SceneDelegate.swift */ = {isa = PBXFileReference; lastKnownFileType = sourcecode.swift; path = SceneDelegate.swift; sourceTree = "<group>"; };
		296B360224B1A87000C0B37D /* ContentView.swift */ = {isa = PBXFileReference; lastKnownFileType = sourcecode.swift; path = ContentView.swift; sourceTree = "<group>"; };
		296B360424B1A87100C0B37D /* Assets.xcassets */ = {isa = PBXFileReference; lastKnownFileType = folder.assetcatalog; path = Assets.xcassets; sourceTree = "<group>"; };
		296B360724B1A87100C0B37D /* Preview Assets.xcassets */ = {isa = PBXFileReference; lastKnownFileType = folder.assetcatalog; path = "Preview Assets.xcassets"; sourceTree = "<group>"; };
		296B360A24B1A87100C0B37D /* Base */ = {isa = PBXFileReference; lastKnownFileType = file.storyboard; name = Base; path = Base.lproj/LaunchScreen.storyboard; sourceTree = "<group>"; };
		296B360C24B1A87100C0B37D /* Info.plist */ = {isa = PBXFileReference; lastKnownFileType = text.plist.xml; path = Info.plist; sourceTree = "<group>"; };
/* End PBXFileReference section */

/* Begin PBXFrameworksBuildPhase section */
		296B35F824B1A87000C0B37D /* Frameworks */ = {
			isa = PBXFrameworksBuildPhase;
			buildActionMask = 2147483647;
			files = (
			);
			runOnlyForDeploymentPostprocessing = 0;
		};
/* End PBXFrameworksBuildPhase section */

/* Begin PBXGroup section */
		296B35F224B1A87000C0B37D = {
			isa = PBXGroup;
			children = (
				296B35FD24B1A87000C0B37D /* WesplitApp */,
				296B35FC24B1A87000C0B37D /* Products */,
			);
			sourceTree = "<group>";
		};
		296B35FC24B1A87000C0B37D /* Products */ = {
			isa = PBXGroup;
			children = (
				296B35FB24B1A87000C0B37D /* WesplitApp.app */,
			);
			name = Products;
			sourceTree = "<group>";
		};
		296B35FD24B1A87000C0B37D /* WesplitApp */ = {
			isa = PBXGroup;
			children = (
				296B35FE24B1A87000C0B37D /* AppDelegate.swift */,
				296B360024B1A87000C0B37D /* SceneDelegate.swift */,
				296B360224B1A87000C0B37D /* ContentView.swift */,
				296B360424B1A87100C0B37D /* Assets.xcassets */,
				296B360924B1A87100C0B37D /* LaunchScreen.storyboard */,
				296B360C24B1A87100C0B37D /* Info.plist */,
				296B360624B1A87100C0B37D /* Preview Content */,
			);
			path = WesplitApp;
			sourceTree = "<group>";
		};
		296B360624B1A87100C0B37D /* Preview Content */ = {
			isa = PBXGroup;
			children = (
				296B360724B1A87100C0B37D /* Preview Assets.xcassets */,
			);
			path = "Preview Content";
			sourceTree = "<group>";
		};
/* End PBXGroup section */

/* Begin PBXNativeTarget section */
		296B35FA24B1A87000C0B37D /* WesplitApp */ = {
			isa = PBXNativeTarget;
			buildConfigurationList = 296B360F24B1A87100C0B37D /* Build configuration list for PBXNativeTarget "WesplitApp" */;
			buildPhases = (
				296B35F724B1A87000C0B37D /* Sources */,
				296B35F824B1A87000C0B37D /* Frameworks */,
				296B35F924B1A87000C0B37D /* Resources */,
			);
			buildRules = (
			);
			dependencies = (
			);
			name = WesplitApp;
			productName = WesplitApp;
			productReference = 296B35FB24B1A87000C0B37D /* WesplitApp.app */;
			productType = "com.apple.product-type.application";
		};
/* End PBXNativeTarget section */

/* Begin PBXProject section */
		296B35F324B1A87000C0B37D /* Project object */ = {
			isa = PBXProject;
			attributes = {
				LastSwiftUpdateCheck = 1150;
				LastUpgradeCheck = 1150;
				ORGANIZATIONNAME = khaledHamdy;
				TargetAttributes = {
					296B35FA24B1A87000C0B37D = {
						CreatedOnToolsVersion = 11.5;
					};
				};
			};
			buildConfigurationList = 296B35F624B1A87000C0B37D /* Build configuration list for PBXProject "WesplitApp" */;
			compatibilityVersion = "Xcode 9.3";
			developmentRegion = en;
			hasScannedForEncodings = 0;
			knownRegions = (
				en,
				Base,
			);
			mainGroup = 296B35F224B1A87000C0B37D;
			productRefGroup = 296B35FC24B1A87000C0B37D /* Products */;
			projectDirPath = "";
			projectRoot = "";
			targets = (
				296B35FA24B1A87000C0B37D /* WesplitApp */,
			);
		};
/* End PBXProject section */

/* Begin PBXResourcesBuildPhase section */
		296B35F924B1A87000C0B37D /* Resources */ = {
			isa = PBXResourcesBuildPhase;
			buildActionMask = 2147483647;
			files = (
				296B360B24B1A87100C0B37D /* LaunchScreen.storyboard in Resources */,
				296B360824B1A87100C0B37D /* Preview Assets.xcassets in Resources */,
				296B360524B1A87100C0B37D /* Assets.xcassets in Resources */,
			);
			runOnlyForDeploymentPostprocessing = 0;
		};
/* End PBXResourcesBuildPhase section */

/* Begin PBXSourcesBuildPhase section */
		296B35F724B1A87000C0B37D /* Sources */ = {
			isa = PBXSourcesBuildPhase;
			buildActionMask = 2147483647;
			files = (
				296B35FF24B1A87000C0B37D /* AppDelegate.swift in Sources */,
				296B360124B1A87000C0B37D /* SceneDelegate.swift in Sources */,
				296B360324B1A87000C0B37D /* ContentView.swift in Sources */,
			);
			runOnlyForDeploymentPostprocessing = 0;
		};
/* End PBXSourcesBuildPhase section */

/* Begin PBXVariantGroup section */
		296B360924B1A87100C0B37D /* LaunchScreen.storyboard */ = {
			isa = PBXVariantGroup;
			children = (
				296B360A24B1A87100C0B37D /* Base */,
			);
			name = LaunchScreen.storyboard;
			sourceTree = "<group>";
		};
/* End PBXVariantGroup section */

/* Begin XCBuildConfiguration section */
		296B360D24B1A87100C0B37D /* Debug */ = {
			isa = XCBuildConfiguration;
			buildSettings = {
				ALWAYS_SEARCH_USER_PATHS = NO;
				CLANG_ANALYZER_NONNULL = YES;
				CLANG_ANALYZER_NUMBER_OBJECT_CONVERSION = YES_AGGRESSIVE;
				CLANG_CXX_LANGUAGE_STANDARD = "gnu++14";
				CLANG_CXX_LIBRARY = "libc++";
				CLANG_ENABLE_MODULES = YES;
				CLANG_ENABLE_OBJC_ARC = YES;
				CLANG_ENABLE_OBJC_WEAK = YES;
				CLANG_WARN_BLOCK_CAPTURE_AUTORELEASING = YES;
				CLANG_WARN_BOOL_CONVERSION = YES;
				CLANG_WARN_COMMA = YES;
				CLANG_WARN_CONSTANT_CONVERSION = YES;
				CLANG_WARN_DEPRECATED_OBJC_IMPLEMENTATIONS = YES;
				CLANG_WARN_DIRECT_OBJC_ISA_USAGE = YES_ERROR;
				CLANG_WARN_DOCUMENTATION_COMMENTS = YES;
				CLANG_WARN_EMPTY_BODY = YES;
				CLANG_WARN_ENUM_CONVERSION = YES;
				CLANG_WARN_INFINITE_RECURSION = YES;
				CLANG_WARN_INT_CONVERSION = YES;
				CLANG_WARN_NON_LITERAL_NULL_CONVERSION = YES;
				CLANG_WARN_OBJC_IMPLICIT_RETAIN_SELF = YES;
				CLANG_WARN_OBJC_LITERAL_CONVERSION = YES;
				CLANG_WARN_OBJC_ROOT_CLASS = YES_ERROR;
				CLANG_WARN_RANGE_LOOP_ANALYSIS = YES;
				CLANG_WARN_STRICT_PROTOTYPES = YES;
				CLANG_WARN_SUSPICIOUS_MOVE = YES;
				CLANG_WARN_UNGUARDED_AVAILABILITY = YES_AGGRESSIVE;
				CLANG_WARN_UNREACHABLE_CODE = YES;
				CLANG_WARN__DUPLICATE_METHOD_MATCH = YES;
				COPY_PHASE_STRIP = NO;
				DEBUG_INFORMATION_FORMAT = dwarf;
				ENABLE_STRICT_OBJC_MSGSEND = YES;
				ENABLE_TESTABILITY = YES;
				GCC_C_LANGUAGE_STANDARD = gnu11;
				GCC_DYNAMIC_NO_PIC = NO;
				GCC_NO_COMMON_BLOCKS = YES;
				GCC_OPTIMIZATION_LEVEL = 0;
				GCC_PREPROCESSOR_DEFINITIONS = (
					"DEBUG=1",
					"$(inherited)",
				);
				GCC_WARN_64_TO_32_BIT_CONVERSION = YES;
				GCC_WARN_ABOUT_RETURN_TYPE = YES_ERROR;
				GCC_WARN_UNDECLARED_SELECTOR = YES;
				GCC_WARN_UNINITIALIZED_AUTOS = YES_AGGRESSIVE;
				GCC_WARN_UNUSED_FUNCTION = YES;
				GCC_WARN_UNUSED_VARIABLE = YES;
				IPHONEOS_DEPLOYMENT_TARGET = 13.5;
				MTL_ENABLE_DEBUG_INFO = INCLUDE_SOURCE;
				MTL_FAST_MATH = YES;
				ONLY_ACTIVE_ARCH = YES;
				SDKROOT = iphoneos;
				SWIFT_ACTIVE_COMPILATION_CONDITIONS = DEBUG;
				SWIFT_OPTIMIZATION_LEVEL = "-Onone";
			};
			name = Debug;
		};
		296B360E24B1A87100C0B37D /* Release */ = {
			isa = XCBuildConfiguration;
			buildSettings = {
				ALWAYS_SEARCH_USER_PATHS = NO;
				CLANG_ANALYZER_NONNULL = YES;
				CLANG_ANALYZER_NUMBER_OBJECT_CONVERSION = YES_AGGRESSIVE;
				CLANG_CXX_LANGUAGE_STANDARD = "gnu++14";
				CLANG_CXX_LIBRARY = "libc++";
				CLANG_ENABLE_MODULES = YES;
				CLANG_ENABLE_OBJC_ARC = YES;
				CLANG_ENABLE_OBJC_WEAK = YES;
				CLANG_WARN_BLOCK_CAPTURE_AUTORELEASING = YES;
				CLANG_WARN_BOOL_CONVERSION = YES;
				CLANG_WARN_COMMA = YES;
				CLANG_WARN_CONSTANT_CONVERSION = YES;
				CLANG_WARN_DEPRECATED_OBJC_IMPLEMENTATIONS = YES;
				CLANG_WARN_DIRECT_OBJC_ISA_USAGE = YES_ERROR;
				CLANG_WARN_DOCUMENTATION_COMMENTS = YES;
				CLANG_WARN_EMPTY_BODY = YES;
				CLANG_WARN_ENUM_CONVERSION = YES;
				CLANG_WARN_INFINITE_RECURSION = YES;
				CLANG_WARN_INT_CONVERSION = YES;
				CLANG_WARN_NON_LITERAL_NULL_CONVERSION = YES;
				CLANG_WARN_OBJC_IMPLICIT_RETAIN_SELF = YES;
				CLANG_WARN_OBJC_LITERAL_CONVERSION = YES;
				CLANG_WARN_OBJC_ROOT_CLASS = YES_ERROR;
				CLANG_WARN_RANGE_LOOP_ANALYSIS = YES;
				CLANG_WARN_STRICT_PROTOTYPES = YES;
				CLANG_WARN_SUSPICIOUS_MOVE = YES;
				CLANG_WARN_UNGUARDED_AVAILABILITY = YES_AGGRESSIVE;
				CLANG_WARN_UNREACHABLE_CODE = YES;
				CLANG_WARN__DUPLICATE_METHOD_MATCH = YES;
				COPY_PHASE_STRIP = NO;
				DEBUG_INFORMATION_FORMAT = "dwarf-with-dsym";
				ENABLE_NS_ASSERTIONS = NO;
				ENABLE_STRICT_OBJC_MSGSEND = YES;
				GCC_C_LANGUAGE_STANDARD = gnu11;
				GCC_NO_COMMON_BLOCKS = YES;
				GCC_WARN_64_TO_32_BIT_CONVERSION = YES;
				GCC_WARN_ABOUT_RETURN_TYPE = YES_ERROR;
				GCC_WARN_UNDECLARED_SELECTOR = YES;
				GCC_WARN_UNINITIALIZED_AUTOS = YES_AGGRESSIVE;
				GCC_WARN_UNUSED_FUNCTION = YES;
				GCC_WARN_UNUSED_VARIABLE = YES;
				IPHONEOS_DEPLOYMENT_TARGET = 13.5;
				MTL_ENABLE_DEBUG_INFO = NO;
				MTL_FAST_MATH = YES;
				SDKROOT = iphoneos;
				SWIFT_COMPILATION_MODE = wholemodule;
				SWIFT_OPTIMIZATION_LEVEL = "-O";
				VALIDATE_PRODUCT = YES;
			};
			name = Release;
		};
		296B361024B1A87100C0B37D /* Debug */ = {
			isa = XCBuildConfiguration;
			buildSettings = {
				ASSETCATALOG_COMPILER_APPICON_NAME = AppIcon;
				CODE_SIGN_STYLE = Automatic;
				DEVELOPMENT_ASSET_PATHS = "\"WesplitApp/Preview Content\"";
				DEVELOPMENT_TEAM = 4ML6GW2V93;
				ENABLE_PREVIEWS = YES;
				INFOPLIST_FILE = WesplitApp/Info.plist;
				LD_RUNPATH_SEARCH_PATHS = (
					"$(inherited)",
					"@executable_path/Frameworks",
				);
				PRODUCT_BUNDLE_IDENTIFIER = Advice.Khaled.App.WesplitApp;
				PRODUCT_NAME = "$(TARGET_NAME)";
				SWIFT_VERSION = 5.0;
				TARGETED_DEVICE_FAMILY = "1,2";
			};
			name = Debug;
		};
		296B361124B1A87100C0B37D /* Release */ = {
			isa = XCBuildConfiguration;
			buildSettings = {
				ASSETCATALOG_COMPILER_APPICON_NAME = AppIcon;
				CODE_SIGN_STYLE = Automatic;
				DEVELOPMENT_ASSET_PATHS = "\"WesplitApp/Preview Content\"";
				DEVELOPMENT_TEAM = 4ML6GW2V93;
				ENABLE_PREVIEWS = YES;
				INFOPLIST_FILE = WesplitApp/Info.plist;
				LD_RUNPATH_SEARCH_PATHS = (
					"$(inherited)",
					"@executable_path/Frameworks",
				);
				PRODUCT_BUNDLE_IDENTIFIER = Advice.Khaled.App.WesplitApp;
				PRODUCT_NAME = "$(TARGET_NAME)";
				SWIFT_VERSION = 5.0;
				TARGETED_DEVICE_FAMILY = "1,2";
			};
			name = Release;
		};
/* End XCBuildConfiguration section */

/* Begin XCConfigurationList section */
		296B35F624B1A87000C0B37D /* Build configuration list for PBXProject "WesplitApp" */ = {
			isa = XCConfigurationList;
			buildConfigurations = (
				296B360D24B1A87100C0B37D /* Debug */,
				296B360E24B1A87100C0B37D /* Release */,
			);
			defaultConfigurationIsVisible = 0;
			defaultConfigurationName = Release;
		};
		296B360F24B1A87100C0B37D /* Build configuration list for PBXNativeTarget "WesplitApp" */ = {
			isa = XCConfigurationList;
			buildConfigurations = (
				296B361024B1A87100C0B37D /* Debug */,
				296B361124B1A87100C0B37D /* Release */,
			);
			defaultConfigurationIsVisible = 0;
			defaultConfigurationName = Release;
		};
/* End XCConfigurationList section */
	};
	rootObject = 296B35F324B1A87000C0B37D /* Project object */;
}
